
Microsoft Visual Studio Solution File, Format Version 12.00
# Visual Studio Version 17
VisualStudioVersion = 17.4.33205.214
MinimumVisualStudioVersion = 10.0.40219.1
Project("{FAE04EC0-301F-11D3-BF4B-00C04F79EFBC}") = "ReactivePlayerSandbox", "ReactivePlayerSandbox\ReactivePlayerSandbox.csproj", "{72B2658D-698D-48E9-9199-358309C868DD}"
EndProject
Project("{FAE04EC0-301F-11D3-BF4B-00C04F79EFBC}") = "ReactivePlayerSandbox.Tests", "ReactivePlayerSandbox.Tests\ReactivePlayerSandbox.Tests.csproj", "{2CF12DAA-5BA6-4698-8D95-4102C770575E}"
EndProject
Global
	GlobalSection(SolutionConfigurationPlatforms) = preSolution
		Debug|Any CPU = Debug|Any CPU
		Release|Any CPU = Release|Any CPU
	EndGlobalSection
	GlobalSection(ProjectConfigurationPlatforms) = postSolution
		{72B2658D-698D-48E9-9199-358309C868DD}.Debug|Any CPU.ActiveCfg = Debug|Any CPU
		{72B2658D-698D-48E9-9199-358309C868DD}.Debug|Any CPU.Build.0 = Debug|Any CPU
		{72B2658D-698D-48E9-9199-358309C868DD}.Release|Any CPU.ActiveCfg = Release|Any CPU
		{72B2658D-698D-48E9-9199-358309C868DD}.Release|Any CPU.Build.0 = Release|Any CPU
		{2CF12DAA-5BA6-4698-8D95-4102C770575E}.Debug|Any CPU.ActiveCfg = Debug|Any CPU
		{2CF12DAA-5BA6-4698-8D95-4102C770575E}.Debug|Any CPU.Build.0 = Debug|Any CPU
		{2CF12DAA-5BA6-4698-8D95-4102C770575E}.Release|Any CPU.ActiveCfg = Release|Any CPU
		{2CF12DAA-5BA6-4698-8D95-4102C770575E}.Release|Any CPU.Build.0 = Release|Any CPU
	EndGlobalSection
	GlobalSection(SolutionProperties) = preSolution
		HideSolutionNode = FALSE
	EndGlobalSection
	GlobalSection(ExtensibilityGlobals) = postSolution
		SolutionGuid = {B5F649D3-4204-451B-9144-A28616B02642}
	EndGlobalSection
EndGlobal
